
Microsoft Visual Studio Solution File, Format Version 12.00
# Visual Studio Version 17
VisualStudioVersion = 17.5.33516.290
MinimumVisualStudioVersion = 10.0.40219.1
Project("{2150E333-8FDC-42A3-9474-1A3956D46DE8}") = "src", "src", "{D3C8C211-38C6-4461-8865-70AC28D821DA}"
EndProject
Project("{2150E333-8FDC-42A3-9474-1A3956D46DE8}") = "Services", "Services", "{FE2BDB8A-87DF-44FE-804C-49AD604914E4}"
EndProject
Project("{2150E333-8FDC-42A3-9474-1A3956D46DE8}") = "Authorization", "Authorization", "{7C30BC6C-336B-4A4E-B88D-E122D8CE8CC6}"
EndProject
Project("{9A19103F-16F7-4668-BE54-9A1E7A4F7556}") = "oneparalyzer.LeasingSystem.Auth.Api", "oneparalyzer.LeasingSystem.Auth.Api\oneparalyzer.LeasingSystem.Auth.Api.csproj", "{0D256141-ED82-4337-965E-D987E32D27E5}"
EndProject
Project("{2150E333-8FDC-42A3-9474-1A3956D46DE8}") = "Customers", "Customers", "{C053AEC8-C88B-4981-9F71-02FE60A6E250}"
EndProject
Project("{9A19103F-16F7-4668-BE54-9A1E7A4F7556}") = "oneparalyzer.LeasingSystem.Customers.Domain", "oneparalyzer.LeasingSystem.Customers.Domain\oneparalyzer.LeasingSystem.Customers.Domain.csproj", "{E102D036-0EE3-4469-9370-88D0067B38B1}"
EndProject
Project("{9A19103F-16F7-4668-BE54-9A1E7A4F7556}") = "oneparalyzer.LeasingSystem.Customers.Infrastructure", "oneparalyzer.LeasingSystem.Customers.Infrastructure\oneparalyzer.LeasingSystem.Customers.Infrastructure.csproj", "{57026D96-23BE-4F62-8FDE-1F112F885AC4}"
EndProject
Project("{9A19103F-16F7-4668-BE54-9A1E7A4F7556}") = "oneparalyzer.LeasingSystem.Customers.Api", "oneparalyzer.LeasingSystem.Customers.Api\oneparalyzer.LeasingSystem.Customers.Api.csproj", "{C6AE7D75-4DEE-4F24-9D57-9FF15AAC61C6}"
EndProject
Project("{9A19103F-16F7-4668-BE54-9A1E7A4F7556}") = "oneparalyzer.LeasingSystem.Customers.Application", "oneparalyzer.LeasingSystem.Customers.Application\oneparalyzer.LeasingSystem.Customers.Application.csproj", "{81B9D349-C13E-485A-98D4-54A35148D824}"
EndProject
Project("{2150E333-8FDC-42A3-9474-1A3956D46DE8}") = "Cars", "Cars", "{F7B4059D-D73D-437E-9CEE-4318ED76AF9F}"
EndProject
Project("{9A19103F-16F7-4668-BE54-9A1E7A4F7556}") = "oneparalyzer.LeasingSystem.Cars.Domain", "oneparalyzer.LeasingSystem.Cars.Domain\oneparalyzer.LeasingSystem.Cars.Domain.csproj", "{0C234AC8-E093-4B57-9653-B2D9FB034E3A}"
EndProject
Project("{9A19103F-16F7-4668-BE54-9A1E7A4F7556}") = "oneparalyzer.LeasingSystem.Cars.Infrastructure", "oneparalyzer.LeasingSystem.Cars.Infrastructure\oneparalyzer.LeasingSystem.Cars.Infrastructure.csproj", "{9920F0E5-634D-4D3F-A9A1-F68720A25D26}"
EndProject
Project("{9A19103F-16F7-4668-BE54-9A1E7A4F7556}") = "oneparalyzer.LeasingSystem.Cars.Api", "oneparalyzer.LeasingSystem.Cars.Api\oneparalyzer.LeasingSystem.Cars.Api.csproj", "{F0DB3C75-18FA-4AE9-9CF0-9694744B5798}"
EndProject
Project("{9A19103F-16F7-4668-BE54-9A1E7A4F7556}") = "oneparalyzer.LeasingSystem.Cars.Application", "oneparalyzer.LeasingSystem.Cars.Application\oneparalyzer.LeasingSystem.Cars.Application.csproj", "{BCE926B7-5BE7-4A2F-9C31-92A5E02D97BD}"
EndProject
Project("{2150E333-8FDC-42A3-9474-1A3956D46DE8}") = "Employees", "Employees", "{F7356D33-7320-4DBD-8E6A-B5ACDCB64C27}"
EndProject
Project("{2150E333-8FDC-42A3-9474-1A3956D46DE8}") = "Feedbacks", "Feedbacks", "{4CEE4E33-B047-45E0-956F-A1E4D95A4ADB}"
EndProject
Project("{2150E333-8FDC-42A3-9474-1A3956D46DE8}") = "Leasings", "Leasings", "{E1DACC7E-1E31-4226-906F-E9236192EEA0}"
EndProject
Project("{9A19103F-16F7-4668-BE54-9A1E7A4F7556}") = "oneparalyzer.LeasingSystem.Feedbacks.Api", "oneparalyzer.LeasingSystem.Feedbacks.Api\oneparalyzer.LeasingSystem.Feedbacks.Api.csproj", "{6760635E-6191-4537-8FE6-91821D78AC29}"
EndProject
Project("{9A19103F-16F7-4668-BE54-9A1E7A4F7556}") = "oneparalyzer.LeasingSystem.Feedbacks.Domain", "oneparalyzer.LeasingSystem.Feedbacks.Domain\oneparalyzer.LeasingSystem.Feedbacks.Domain.csproj", "{758170AD-DCFF-4986-B0BC-21B33CC8AF96}"
EndProject
Project("{9A19103F-16F7-4668-BE54-9A1E7A4F7556}") = "oneparalyzer.LeasingSystem.Feedbacks.Infrastructure", "oneparalyzer.LeasingSystem.Feedbacks.Infrastructure\oneparalyzer.LeasingSystem.Feedbacks.Infrastructure.csproj", "{E44226D7-60DF-4E02-AD3C-2715BAA256A3}"
EndProject
Project("{9A19103F-16F7-4668-BE54-9A1E7A4F7556}") = "oneparalyzer.LeasingSystem.Feedbacks.Application", "oneparalyzer.LeasingSystem.Feedbacks.Application\oneparalyzer.LeasingSystem.Feedbacks.Application.csproj", "{07545268-04F3-4AD1-912A-D9823E628FB6}"
EndProject
Project("{9A19103F-16F7-4668-BE54-9A1E7A4F7556}") = "oneparalyzer.LeasingSystem.Employees.Domain", "oneparalyzer.LeasingSystem.Employees.Domain\oneparalyzer.LeasingSystem.Employees.Domain.csproj", "{B3F8CEF8-74E1-4AA4-BABB-393866B7F16D}"
EndProject
Project("{2150E333-8FDC-42A3-9474-1A3956D46DE8}") = "UI", "UI", "{8B331ECB-56B3-4CCC-AFB5-5BBDA685F243}"
EndProject
Project("{9A19103F-16F7-4668-BE54-9A1E7A4F7556}") = "oneparalyzer.LeasingSystem.Employees.Api", "oneparalyzer.LeasingSystem.Employees.Api\oneparalyzer.LeasingSystem.Employees.Api.csproj", "{1003FA1B-C90D-49D9-BBF0-BD9CBBD6B0EB}"
EndProject
Project("{9A19103F-16F7-4668-BE54-9A1E7A4F7556}") = "oneparalyzer.LeasingSystem.Employees.Application", "oneparalyzer.LeasingSystem.Employees.Application\oneparalyzer.LeasingSystem.Employees.Application.csproj", "{1DE89A85-6446-4716-B1DF-05886FB44510}"
EndProject
Project("{9A19103F-16F7-4668-BE54-9A1E7A4F7556}") = "oneparalyzer.LeasingSystem.Employees.Infrastructure", "oneparalyzer.LeasingSystem.Employees.Infrastructure\oneparalyzer.LeasingSystem.Employees.Infrastructure.csproj", "{43FC7AB0-A635-42E1-BB57-379C2EA87EB0}"
EndProject
Project("{FAE04EC0-301F-11D3-BF4B-00C04F79EFBC}") = "oneparalyzer.LeasingSystem.Leasing.Api", "oneparalyzer.LeasingSystem.Leasing.Api\oneparalyzer.LeasingSystem.Leasing.Api.csproj", "{95C26311-A8C2-41CD-9EE5-99189706B8DD}"
EndProject
Project("{FAE04EC0-301F-11D3-BF4B-00C04F79EFBC}") = "oneparalyzer.LeasingSystem.Leasing.Domain", "oneparalyzer.LeasingSystem.Leasing.Domain\oneparalyzer.LeasingSystem.Leasing.Domain.csproj", "{C947694B-20B3-4CD0-B78E-23F8D1C0B514}"
EndProject
Project("{FAE04EC0-301F-11D3-BF4B-00C04F79EFBC}") = "oneparalyzer.LeasingSystem.Leasing.Infrastructure", "oneparalyzer.LeasingSystem.Leasing.Infrastructure\oneparalyzer.LeasingSystem.Leasing.Infrastructure.csproj", "{8DB82F18-3F1E-45BF-AFCD-51E336FF5FBA}"
EndProject
Project("{FAE04EC0-301F-11D3-BF4B-00C04F79EFBC}") = "oneparalyzer.LeasingSystem.Leasing.Application", "oneparalyzer.LeasingSystem.Leasing.Application\oneparalyzer.LeasingSystem.Leasing.Application.csproj", "{2C80DFA3-76AF-49E1-BC70-CD1912BD95DB}"
EndProject
Global
	GlobalSection(SolutionConfigurationPlatforms) = preSolution
		Debug|Any CPU = Debug|Any CPU
		Release|Any CPU = Release|Any CPU
	EndGlobalSection
	GlobalSection(ProjectConfigurationPlatforms) = postSolution
		{0D256141-ED82-4337-965E-D987E32D27E5}.Debug|Any CPU.ActiveCfg = Debug|Any CPU
		{0D256141-ED82-4337-965E-D987E32D27E5}.Debug|Any CPU.Build.0 = Debug|Any CPU
		{0D256141-ED82-4337-965E-D987E32D27E5}.Release|Any CPU.ActiveCfg = Release|Any CPU
		{0D256141-ED82-4337-965E-D987E32D27E5}.Release|Any CPU.Build.0 = Release|Any CPU
		{E102D036-0EE3-4469-9370-88D0067B38B1}.Debug|Any CPU.ActiveCfg = Debug|Any CPU
		{E102D036-0EE3-4469-9370-88D0067B38B1}.Debug|Any CPU.Build.0 = Debug|Any CPU
		{E102D036-0EE3-4469-9370-88D0067B38B1}.Release|Any CPU.ActiveCfg = Release|Any CPU
		{E102D036-0EE3-4469-9370-88D0067B38B1}.Release|Any CPU.Build.0 = Release|Any CPU
		{57026D96-23BE-4F62-8FDE-1F112F885AC4}.Debug|Any CPU.ActiveCfg = Debug|Any CPU
		{57026D96-23BE-4F62-8FDE-1F112F885AC4}.Debug|Any CPU.Build.0 = Debug|Any CPU
		{57026D96-23BE-4F62-8FDE-1F112F885AC4}.Release|Any CPU.ActiveCfg = Release|Any CPU
		{57026D96-23BE-4F62-8FDE-1F112F885AC4}.Release|Any CPU.Build.0 = Release|Any CPU
		{C6AE7D75-4DEE-4F24-9D57-9FF15AAC61C6}.Debug|Any CPU.ActiveCfg = Debug|Any CPU
		{C6AE7D75-4DEE-4F24-9D57-9FF15AAC61C6}.Debug|Any CPU.Build.0 = Debug|Any CPU
		{C6AE7D75-4DEE-4F24-9D57-9FF15AAC61C6}.Release|Any CPU.ActiveCfg = Release|Any CPU
		{C6AE7D75-4DEE-4F24-9D57-9FF15AAC61C6}.Release|Any CPU.Build.0 = Release|Any CPU
		{81B9D349-C13E-485A-98D4-54A35148D824}.Debug|Any CPU.ActiveCfg = Debug|Any CPU
		{81B9D349-C13E-485A-98D4-54A35148D824}.Debug|Any CPU.Build.0 = Debug|Any CPU
		{81B9D349-C13E-485A-98D4-54A35148D824}.Release|Any CPU.ActiveCfg = Release|Any CPU
		{81B9D349-C13E-485A-98D4-54A35148D824}.Release|Any CPU.Build.0 = Release|Any CPU
		{0C234AC8-E093-4B57-9653-B2D9FB034E3A}.Debug|Any CPU.ActiveCfg = Debug|Any CPU
		{0C234AC8-E093-4B57-9653-B2D9FB034E3A}.Debug|Any CPU.Build.0 = Debug|Any CPU
		{0C234AC8-E093-4B57-9653-B2D9FB034E3A}.Release|Any CPU.ActiveCfg = Release|Any CPU
		{0C234AC8-E093-4B57-9653-B2D9FB034E3A}.Release|Any CPU.Build.0 = Release|Any CPU
		{9920F0E5-634D-4D3F-A9A1-F68720A25D26}.Debug|Any CPU.ActiveCfg = Debug|Any CPU
		{9920F0E5-634D-4D3F-A9A1-F68720A25D26}.Debug|Any CPU.Build.0 = Debug|Any CPU
		{9920F0E5-634D-4D3F-A9A1-F68720A25D26}.Release|Any CPU.ActiveCfg = Release|Any CPU
		{9920F0E5-634D-4D3F-A9A1-F68720A25D26}.Release|Any CPU.Build.0 = Release|Any CPU
		{F0DB3C75-18FA-4AE9-9CF0-9694744B5798}.Debug|Any CPU.ActiveCfg = Debug|Any CPU
		{F0DB3C75-18FA-4AE9-9CF0-9694744B5798}.Debug|Any CPU.Build.0 = Debug|Any CPU
		{F0DB3C75-18FA-4AE9-9CF0-9694744B5798}.Release|Any CPU.ActiveCfg = Release|Any CPU
		{F0DB3C75-18FA-4AE9-9CF0-9694744B5798}.Release|Any CPU.Build.0 = Release|Any CPU
		{BCE926B7-5BE7-4A2F-9C31-92A5E02D97BD}.Debug|Any CPU.ActiveCfg = Debug|Any CPU
		{BCE926B7-5BE7-4A2F-9C31-92A5E02D97BD}.Debug|Any CPU.Build.0 = Debug|Any CPU
		{BCE926B7-5BE7-4A2F-9C31-92A5E02D97BD}.Release|Any CPU.ActiveCfg = Release|Any CPU
		{BCE926B7-5BE7-4A2F-9C31-92A5E02D97BD}.Release|Any CPU.Build.0 = Release|Any CPU
		{6760635E-6191-4537-8FE6-91821D78AC29}.Debug|Any CPU.ActiveCfg = Debug|Any CPU
		{6760635E-6191-4537-8FE6-91821D78AC29}.Debug|Any CPU.Build.0 = Debug|Any CPU
		{6760635E-6191-4537-8FE6-91821D78AC29}.Release|Any CPU.ActiveCfg = Release|Any CPU
		{6760635E-6191-4537-8FE6-91821D78AC29}.Release|Any CPU.Build.0 = Release|Any CPU
		{758170AD-DCFF-4986-B0BC-21B33CC8AF96}.Debug|Any CPU.ActiveCfg = Debug|Any CPU
		{758170AD-DCFF-4986-B0BC-21B33CC8AF96}.Debug|Any CPU.Build.0 = Debug|Any CPU
		{758170AD-DCFF-4986-B0BC-21B33CC8AF96}.Release|Any CPU.ActiveCfg = Release|Any CPU
		{758170AD-DCFF-4986-B0BC-21B33CC8AF96}.Release|Any CPU.Build.0 = Release|Any CPU
		{E44226D7-60DF-4E02-AD3C-2715BAA256A3}.Debug|Any CPU.ActiveCfg = Debug|Any CPU
		{E44226D7-60DF-4E02-AD3C-2715BAA256A3}.Debug|Any CPU.Build.0 = Debug|Any CPU
		{E44226D7-60DF-4E02-AD3C-2715BAA256A3}.Release|Any CPU.ActiveCfg = Release|Any CPU
		{E44226D7-60DF-4E02-AD3C-2715BAA256A3}.Release|Any CPU.Build.0 = Release|Any CPU
		{07545268-04F3-4AD1-912A-D9823E628FB6}.Debug|Any CPU.ActiveCfg = Debug|Any CPU
		{07545268-04F3-4AD1-912A-D9823E628FB6}.Debug|Any CPU.Build.0 = Debug|Any CPU
		{07545268-04F3-4AD1-912A-D9823E628FB6}.Release|Any CPU.ActiveCfg = Release|Any CPU
		{07545268-04F3-4AD1-912A-D9823E628FB6}.Release|Any CPU.Build.0 = Release|Any CPU
		{B3F8CEF8-74E1-4AA4-BABB-393866B7F16D}.Debug|Any CPU.ActiveCfg = Debug|Any CPU
		{B3F8CEF8-74E1-4AA4-BABB-393866B7F16D}.Debug|Any CPU.Build.0 = Debug|Any CPU
		{B3F8CEF8-74E1-4AA4-BABB-393866B7F16D}.Release|Any CPU.ActiveCfg = Release|Any CPU
		{B3F8CEF8-74E1-4AA4-BABB-393866B7F16D}.Release|Any CPU.Build.0 = Release|Any CPU
		{1003FA1B-C90D-49D9-BBF0-BD9CBBD6B0EB}.Debug|Any CPU.ActiveCfg = Debug|Any CPU
		{1003FA1B-C90D-49D9-BBF0-BD9CBBD6B0EB}.Debug|Any CPU.Build.0 = Debug|Any CPU
		{1003FA1B-C90D-49D9-BBF0-BD9CBBD6B0EB}.Release|Any CPU.ActiveCfg = Release|Any CPU
		{1003FA1B-C90D-49D9-BBF0-BD9CBBD6B0EB}.Release|Any CPU.Build.0 = Release|Any CPU
		{1DE89A85-6446-4716-B1DF-05886FB44510}.Debug|Any CPU.ActiveCfg = Debug|Any CPU
		{1DE89A85-6446-4716-B1DF-05886FB44510}.Debug|Any CPU.Build.0 = Debug|Any CPU
		{1DE89A85-6446-4716-B1DF-05886FB44510}.Release|Any CPU.ActiveCfg = Release|Any CPU
		{1DE89A85-6446-4716-B1DF-05886FB44510}.Release|Any CPU.Build.0 = Release|Any CPU
		{43FC7AB0-A635-42E1-BB57-379C2EA87EB0}.Debug|Any CPU.ActiveCfg = Debug|Any CPU
		{43FC7AB0-A635-42E1-BB57-379C2EA87EB0}.Debug|Any CPU.Build.0 = Debug|Any CPU
		{43FC7AB0-A635-42E1-BB57-379C2EA87EB0}.Release|Any CPU.ActiveCfg = Release|Any CPU
		{43FC7AB0-A635-42E1-BB57-379C2EA87EB0}.Release|Any CPU.Build.0 = Release|Any CPU
		{95C26311-A8C2-41CD-9EE5-99189706B8DD}.Debug|Any CPU.ActiveCfg = Debug|Any CPU
		{95C26311-A8C2-41CD-9EE5-99189706B8DD}.Debug|Any CPU.Build.0 = Debug|Any CPU
		{95C26311-A8C2-41CD-9EE5-99189706B8DD}.Release|Any CPU.ActiveCfg = Release|Any CPU
		{95C26311-A8C2-41CD-9EE5-99189706B8DD}.Release|Any CPU.Build.0 = Release|Any CPU
		{C947694B-20B3-4CD0-B78E-23F8D1C0B514}.Debug|Any CPU.ActiveCfg = Debug|Any CPU
		{C947694B-20B3-4CD0-B78E-23F8D1C0B514}.Debug|Any CPU.Build.0 = Debug|Any CPU
		{C947694B-20B3-4CD0-B78E-23F8D1C0B514}.Release|Any CPU.ActiveCfg = Release|Any CPU
		{C947694B-20B3-4CD0-B78E-23F8D1C0B514}.Release|Any CPU.Build.0 = Release|Any CPU
		{8DB82F18-3F1E-45BF-AFCD-51E336FF5FBA}.Debug|Any CPU.ActiveCfg = Debug|Any CPU
		{8DB82F18-3F1E-45BF-AFCD-51E336FF5FBA}.Debug|Any CPU.Build.0 = Debug|Any CPU
		{8DB82F18-3F1E-45BF-AFCD-51E336FF5FBA}.Release|Any CPU.ActiveCfg = Release|Any CPU
		{8DB82F18-3F1E-45BF-AFCD-51E336FF5FBA}.Release|Any CPU.Build.0 = Release|Any CPU
		{2C80DFA3-76AF-49E1-BC70-CD1912BD95DB}.Debug|Any CPU.ActiveCfg = Debug|Any CPU
		{2C80DFA3-76AF-49E1-BC70-CD1912BD95DB}.Debug|Any CPU.Build.0 = Debug|Any CPU
		{2C80DFA3-76AF-49E1-BC70-CD1912BD95DB}.Release|Any CPU.ActiveCfg = Release|Any CPU
		{2C80DFA3-76AF-49E1-BC70-CD1912BD95DB}.Release|Any CPU.Build.0 = Release|Any CPU
	EndGlobalSection
	GlobalSection(SolutionProperties) = preSolution
		HideSolutionNode = FALSE
	EndGlobalSection
	GlobalSection(NestedProjects) = preSolution
		{FE2BDB8A-87DF-44FE-804C-49AD604914E4} = {D3C8C211-38C6-4461-8865-70AC28D821DA}
		{7C30BC6C-336B-4A4E-B88D-E122D8CE8CC6} = {FE2BDB8A-87DF-44FE-804C-49AD604914E4}
		{0D256141-ED82-4337-965E-D987E32D27E5} = {7C30BC6C-336B-4A4E-B88D-E122D8CE8CC6}
		{C053AEC8-C88B-4981-9F71-02FE60A6E250} = {FE2BDB8A-87DF-44FE-804C-49AD604914E4}
		{E102D036-0EE3-4469-9370-88D0067B38B1} = {C053AEC8-C88B-4981-9F71-02FE60A6E250}
		{57026D96-23BE-4F62-8FDE-1F112F885AC4} = {C053AEC8-C88B-4981-9F71-02FE60A6E250}
		{C6AE7D75-4DEE-4F24-9D57-9FF15AAC61C6} = {C053AEC8-C88B-4981-9F71-02FE60A6E250}
		{81B9D349-C13E-485A-98D4-54A35148D824} = {C053AEC8-C88B-4981-9F71-02FE60A6E250}
		{F7B4059D-D73D-437E-9CEE-4318ED76AF9F} = {FE2BDB8A-87DF-44FE-804C-49AD604914E4}
		{0C234AC8-E093-4B57-9653-B2D9FB034E3A} = {F7B4059D-D73D-437E-9CEE-4318ED76AF9F}
		{9920F0E5-634D-4D3F-A9A1-F68720A25D26} = {F7B4059D-D73D-437E-9CEE-4318ED76AF9F}
		{F0DB3C75-18FA-4AE9-9CF0-9694744B5798} = {F7B4059D-D73D-437E-9CEE-4318ED76AF9F}
		{BCE926B7-5BE7-4A2F-9C31-92A5E02D97BD} = {F7B4059D-D73D-437E-9CEE-4318ED76AF9F}
		{F7356D33-7320-4DBD-8E6A-B5ACDCB64C27} = {FE2BDB8A-87DF-44FE-804C-49AD604914E4}
		{4CEE4E33-B047-45E0-956F-A1E4D95A4ADB} = {FE2BDB8A-87DF-44FE-804C-49AD604914E4}
		{E1DACC7E-1E31-4226-906F-E9236192EEA0} = {FE2BDB8A-87DF-44FE-804C-49AD604914E4}
		{6760635E-6191-4537-8FE6-91821D78AC29} = {4CEE4E33-B047-45E0-956F-A1E4D95A4ADB}
		{758170AD-DCFF-4986-B0BC-21B33CC8AF96} = {4CEE4E33-B047-45E0-956F-A1E4D95A4ADB}
		{E44226D7-60DF-4E02-AD3C-2715BAA256A3} = {4CEE4E33-B047-45E0-956F-A1E4D95A4ADB}
		{07545268-04F3-4AD1-912A-D9823E628FB6} = {4CEE4E33-B047-45E0-956F-A1E4D95A4ADB}
		{B3F8CEF8-74E1-4AA4-BABB-393866B7F16D} = {F7356D33-7320-4DBD-8E6A-B5ACDCB64C27}
		{8B331ECB-56B3-4CCC-AFB5-5BBDA685F243} = {D3C8C211-38C6-4461-8865-70AC28D821DA}
		{1003FA1B-C90D-49D9-BBF0-BD9CBBD6B0EB} = {F7356D33-7320-4DBD-8E6A-B5ACDCB64C27}
		{1DE89A85-6446-4716-B1DF-05886FB44510} = {F7356D33-7320-4DBD-8E6A-B5ACDCB64C27}
		{43FC7AB0-A635-42E1-BB57-379C2EA87EB0} = {F7356D33-7320-4DBD-8E6A-B5ACDCB64C27}
		{95C26311-A8C2-41CD-9EE5-99189706B8DD} = {E1DACC7E-1E31-4226-906F-E9236192EEA0}
		{C947694B-20B3-4CD0-B78E-23F8D1C0B514} = {E1DACC7E-1E31-4226-906F-E9236192EEA0}
		{8DB82F18-3F1E-45BF-AFCD-51E336FF5FBA} = {E1DACC7E-1E31-4226-906F-E9236192EEA0}
		{2C80DFA3-76AF-49E1-BC70-CD1912BD95DB} = {E1DACC7E-1E31-4226-906F-E9236192EEA0}
	EndGlobalSection
	GlobalSection(ExtensibilityGlobals) = postSolution
		SolutionGuid = {5A9BDAFF-0EFF-4F3F-AAAC-6D6A1870914A}
	EndGlobalSection
EndGlobal
